
Microsoft Visual Studio Solution File, Format Version 12.00
# Visual Studio Version 17
VisualStudioVersion = 17.3.32929.385
MinimumVisualStudioVersion = 10.0.40219.1
Project("{FAE04EC0-301F-11D3-BF4B-00C04F79EFBC}") = "backend", "backend\backend.csproj", "{38D92308-1824-408A-B2AC-262D9EE4CB73}"
EndProject
Global
	GlobalSection(SolutionConfigurationPlatforms) = preSolution
		Debug|Any CPU = Debug|Any CPU
		Release|Any CPU = Release|Any CPU
	EndGlobalSection
	GlobalSection(ProjectConfigurationPlatforms) = postSolution
		{38D92308-1824-408A-B2AC-262D9EE4CB73}.Debug|Any CPU.ActiveCfg = Debug|Any CPU
		{38D92308-1824-408A-B2AC-262D9EE4CB73}.Debug|Any CPU.Build.0 = Debug|Any CPU
		{38D92308-1824-408A-B2AC-262D9EE4CB73}.Release|Any CPU.ActiveCfg = Release|Any CPU
		{38D92308-1824-408A-B2AC-262D9EE4CB73}.Release|Any CPU.Build.0 = Release|Any CPU
	EndGlobalSection
	GlobalSection(SolutionProperties) = preSolution
		HideSolutionNode = FALSE
	EndGlobalSection
	GlobalSection(ExtensibilityGlobals) = postSolution
		SolutionGuid = {61C950FB-79C6-45B6-8AE2-9A85DC7AC00C}
	EndGlobalSection
EndGlobal
